Microsoft Visual Studio Solution File, Format Version 12.00
# Visual Studio Version 17
VisualStudioVersion = 17.10.35004.147
MinimumVisualStudioVersion = 10.0.40219.1
Project("{9A19103F-16F7-4668-BE54-9A1E7A4F7556}") = "KeycloakAspireApp.ApiService", "src\KeycloakAspireApp.ApiService\KeycloakAspireApp.ApiService.csproj", "{AA36B165-A3AE-4B53-9231-6026CB9B7D0D}"
EndProject
Project("{9A19103F-16F7-4668-BE54-9A1E7A4F7556}") = "KeycloakAspireApp.Spa", "src\KeycloakAspireApp.Spa\KeycloakAspireApp.Spa.csproj", "{1E1C181B-BFE5-42C8-9DA2-89A380E3DF9B}"
EndProject
Project("{9A19103F-16F7-4668-BE54-9A1E7A4F7556}") = "KeycloakAspireApp.ServiceDefaults", "src\KeycloakAspireApp.ServiceDefaults\KeycloakAspireApp.ServiceDefaults.csproj", "{7578970C-9C64-48D5-A840-EF983AD473C1}"
EndProject
Project("{9A19103F-16F7-4668-BE54-9A1E7A4F7556}") = "KeycloakAspireApp.AppHost", "src\KeycloakAspireApp.AppHost\KeycloakAspireApp.AppHost.csproj", "{A2C64B57-EBBE-4A06-A146-80537751AEF8}"
EndProject
Project("{2150E333-8FDC-42A3-9474-1A3956D46DE8}") = "Solution Items", "Solution Items", "{231934E9-3C08-4D64-95DC-761CE7FA4F53}"
	ProjectSection(SolutionItems) = preProject
		.gitattributes = .gitattributes
		.gitignore = .gitignore
	EndProjectSection
EndProject
Project("{2150E333-8FDC-42A3-9474-1A3956D46DE8}") = "src", "src", "{81068546-B648-45D7-BF49-D05D672B50E4}"
EndProject
Project("{9A19103F-16F7-4668-BE54-9A1E7A4F7556}") = "MailDev.Hosting", "src\MailDev.Hosting\MailDev.Hosting.csproj", "{530EB9E6-7B64-44F2-8581-62EAE0DD2AF4}"
EndProject
Project("{FAE04EC0-301F-11D3-BF4B-00C04F79EFBC}") = "MailKit.Client", "src\MailKit.Client\MailKit.Client.csproj", "{2D1E5EB2-A37D-48BD-90AA-773A387E7DB8}"
EndProject
Global
	GlobalSection(SolutionConfigurationPlatforms) = preSolution
		Debug|Any CPU = Debug|Any CPU
		Release|Any CPU = Release|Any CPU
	EndGlobalSection
	GlobalSection(ProjectConfigurationPlatforms) = postSolution
		{AA36B165-A3AE-4B53-9231-6026CB9B7D0D}.Debug|Any CPU.ActiveCfg = Debug|Any CPU
		{AA36B165-A3AE-4B53-9231-6026CB9B7D0D}.Debug|Any CPU.Build.0 = Debug|Any CPU
		{AA36B165-A3AE-4B53-9231-6026CB9B7D0D}.Release|Any CPU.ActiveCfg = Release|Any CPU
		{AA36B165-A3AE-4B53-9231-6026CB9B7D0D}.Release|Any CPU.Build.0 = Release|Any CPU
		{1E1C181B-BFE5-42C8-9DA2-89A380E3DF9B}.Debug|Any CPU.ActiveCfg = Debug|Any CPU
		{1E1C181B-BFE5-42C8-9DA2-89A380E3DF9B}.Debug|Any CPU.Build.0 = Debug|Any CPU
		{1E1C181B-BFE5-42C8-9DA2-89A380E3DF9B}.Release|Any CPU.ActiveCfg = Release|Any CPU
		{1E1C181B-BFE5-42C8-9DA2-89A380E3DF9B}.Release|Any CPU.Build.0 = Release|Any CPU
		{7578970C-9C64-48D5-A840-EF983AD473C1}.Debug|Any CPU.ActiveCfg = Debug|Any CPU
		{7578970C-9C64-48D5-A840-EF983AD473C1}.Debug|Any CPU.Build.0 = Debug|Any CPU
		{7578970C-9C64-48D5-A840-EF983AD473C1}.Release|Any CPU.ActiveCfg = Release|Any CPU
		{7578970C-9C64-48D5-A840-EF983AD473C1}.Release|Any CPU.Build.0 = Release|Any CPU
		{A2C64B57-EBBE-4A06-A146-80537751AEF8}.Debug|Any CPU.ActiveCfg = Debug|Any CPU
		{A2C64B57-EBBE-4A06-A146-80537751AEF8}.Debug|Any CPU.Build.0 = Debug|Any CPU
		{A2C64B57-EBBE-4A06-A146-80537751AEF8}.Release|Any CPU.ActiveCfg = Release|Any CPU
		{A2C64B57-EBBE-4A06-A146-80537751AEF8}.Release|Any CPU.Build.0 = Release|Any CPU
		{530EB9E6-7B64-44F2-8581-62EAE0DD2AF4}.Debug|Any CPU.ActiveCfg = Debug|Any CPU
		{530EB9E6-7B64-44F2-8581-62EAE0DD2AF4}.Debug|Any CPU.Build.0 = Debug|Any CPU
		{530EB9E6-7B64-44F2-8581-62EAE0DD2AF4}.Release|Any CPU.ActiveCfg = Release|Any CPU
		{530EB9E6-7B64-44F2-8581-62EAE0DD2AF4}.Release|Any CPU.Build.0 = Release|Any CPU
		{2D1E5EB2-A37D-48BD-90AA-773A387E7DB8}.Debug|Any CPU.ActiveCfg = Debug|Any CPU
		{2D1E5EB2-A37D-48BD-90AA-773A387E7DB8}.Debug|Any CPU.Build.0 = Debug|Any CPU
		{2D1E5EB2-A37D-48BD-90AA-773A387E7DB8}.Release|Any CPU.ActiveCfg = Release|Any CPU
		{2D1E5EB2-A37D-48BD-90AA-773A387E7DB8}.Release|Any CPU.Build.0 = Release|Any CPU
	EndGlobalSection
	GlobalSection(SolutionProperties) = preSolution
		HideSolutionNode = FALSE
	EndGlobalSection
	GlobalSection(NestedProjects) = preSolution
		{AA36B165-A3AE-4B53-9231-6026CB9B7D0D} = {81068546-B648-45D7-BF49-D05D672B50E4}
		{1E1C181B-BFE5-42C8-9DA2-89A380E3DF9B} = {81068546-B648-45D7-BF49-D05D672B50E4}
		{7578970C-9C64-48D5-A840-EF983AD473C1} = {81068546-B648-45D7-BF49-D05D672B50E4}
		{A2C64B57-EBBE-4A06-A146-80537751AEF8} = {81068546-B648-45D7-BF49-D05D672B50E4}
		{530EB9E6-7B64-44F2-8581-62EAE0DD2AF4} = {81068546-B648-45D7-BF49-D05D672B50E4}
		{2D1E5EB2-A37D-48BD-90AA-773A387E7DB8} = {81068546-B648-45D7-BF49-D05D672B50E4}
	EndGlobalSection
	GlobalSection(ExtensibilityGlobals) = postSolution
		SolutionGuid = {9EC7A4AE-8EA3-4147-89C7-890A606232E5}
	EndGlobalSection
EndGlobal
